
Microsoft Visual Studio Solution File, Format Version 12.00
# Visual Studio 14
VisualStudioVersion = 14.0.25123.0
MinimumVisualStudioVersion = 10.0.40219.1
Project("{2150E333-8FDC-42A3-9474-1A3956D46DE8}") = "src", "src", "{4857533C-93DD-4883-A055-1C417B9CE1CC}"
EndProject
Project("{2150E333-8FDC-42A3-9474-1A3956D46DE8}") = "Solution Items", "Solution Items", "{C932EF85-3BE4-42B6-87CA-5486DD4A1B2A}"
	ProjectSection(SolutionItems) = preProject
		global.json = global.json
	EndProjectSection
EndProject
Project("{8BB2217D-0F2D-49D1-97BC-3654ED321F3B}") = "Sbabu.Web", "src\Sbabu.Web\Sbabu.Web.xproj", "{7CCCEC16-62A8-4212-908E-99D1D8D5A12E}"
EndProject
Global
	GlobalSection(SolutionConfigurationPlatforms) = preSolution
		Debug|Any CPU = Debug|Any CPU
		Release|Any CPU = Release|Any CPU
	EndGlobalSection
	GlobalSection(ProjectConfigurationPlatforms) = postSolution
		{7CCCEC16-62A8-4212-908E-99D1D8D5A12E}.Debug|Any CPU.ActiveCfg = Debug|Any CPU
		{7CCCEC16-62A8-4212-908E-99D1D8D5A12E}.Debug|Any CPU.Build.0 = Debug|Any CPU
		{7CCCEC16-62A8-4212-908E-99D1D8D5A12E}.Release|Any CPU.ActiveCfg = Release|Any CPU
		{7CCCEC16-62A8-4212-908E-99D1D8D5A12E}.Release|Any CPU.Build.0 = Release|Any CPU
	EndGlobalSection
	GlobalSection(SolutionProperties) = preSolution
		HideSolutionNode = FALSE
	EndGlobalSection
	GlobalSection(NestedProjects) = preSolution
		{7CCCEC16-62A8-4212-908E-99D1D8D5A12E} = {4857533C-93DD-4883-A055-1C417B9CE1CC}
	EndGlobalSection
EndGlobal
